
Microsoft Visual Studio Solution File, Format Version 12.00
# Visual Studio Version 16
VisualStudioVersion = 16.0.29709.97
MinimumVisualStudioVersion = 10.0.40219.1
Project("{FAE04EC0-301F-11D3-BF4B-00C04F79EFBC}") = "CSharpConsoleGround", "CSharpConsoleGround.csproj", "{E2F5863D-9285-4810-B5F2-352CC93A8386}"
EndProject
Global
	GlobalSection(SolutionConfigurationPlatforms) = preSolution
		Debug|Any CPU = Debug|Any CPU
		Release|Any CPU = Release|Any CPU
	EndGlobalSection
	GlobalSection(ProjectConfigurationPlatforms) = postSolution
		{E2F5863D-9285-4810-B5F2-352CC93A8386}.Debug|Any CPU.ActiveCfg = Debug|Any CPU
		{E2F5863D-9285-4810-B5F2-352CC93A8386}.Debug|Any CPU.Build.0 = Debug|Any CPU
		{E2F5863D-9285-4810-B5F2-352CC93A8386}.Release|Any CPU.ActiveCfg = Release|Any CPU
		{E2F5863D-9285-4810-B5F2-352CC93A8386}.Release|Any CPU.Build.0 = Release|Any CPU
	EndGlobalSection
	GlobalSection(SolutionProperties) = preSolution
		HideSolutionNode = FALSE
	EndGlobalSection
	GlobalSection(ExtensibilityGlobals) = postSolution
		SolutionGuid = {C0BFDF58-4A92-4F34-A5C3-2B238AD2E8B6}
	EndGlobalSection
EndGlobal
